
Microsoft Visual Studio Solution File, Format Version 12.00
# Visual Studio Version 17
VisualStudioVersion = 17.8.34408.163
MinimumVisualStudioVersion = 10.0.40219.1
Project("{FAE04EC0-301F-11D3-BF4B-00C04F79EFBC}") = "GA_IntegralMath_NicholasIngles", "GA_IntegralMath_NicholasIngles\GA_IntegralMath_NicholasIngles.csproj", "{E44A04A3-E9A7-4E8A-BB6A-2E8571F27166}"
EndProject
Global
	GlobalSection(SolutionConfigurationPlatforms) = preSolution
		Debug|Any CPU = Debug|Any CPU
		Release|Any CPU = Release|Any CPU
	EndGlobalSection
	GlobalSection(ProjectConfigurationPlatforms) = postSolution
		{E44A04A3-E9A7-4E8A-BB6A-2E8571F27166}.Debug|Any CPU.ActiveCfg = Debug|Any CPU
		{E44A04A3-E9A7-4E8A-BB6A-2E8571F27166}.Debug|Any CPU.Build.0 = Debug|Any CPU
		{E44A04A3-E9A7-4E8A-BB6A-2E8571F27166}.Release|Any CPU.ActiveCfg = Release|Any CPU
		{E44A04A3-E9A7-4E8A-BB6A-2E8571F27166}.Release|Any CPU.Build.0 = Release|Any CPU
	EndGlobalSection
	GlobalSection(SolutionProperties) = preSolution
		HideSolutionNode = FALSE
	EndGlobalSection
	GlobalSection(ExtensibilityGlobals) = postSolution
		SolutionGuid = {2AB0985C-18A0-45C0-A0EC-049E4663AD85}
	EndGlobalSection
EndGlobal
